// !$*UTF8*$!
{
	archiveVersion = 1;
	classes = {
	};
	objectVersion = 46;
	objects = {

/* Begin PBXFileReference section */
		73B13C941C40830400BF6B75 /* Juego de Memoria definitivo.playground */ = {isa = PBXFileReference; lastKnownFileType = file.playground; name = "Juego de Memoria definitivo.playground"; path = "../../Desktop/Juego memoria definitivo/Juego de Memoria definitivo.playground"; sourceTree = "<group>"; };
/* End PBXFileReference section */

/* Begin PBXGroup section */
		73B13C8C1C40808200BF6B75 = {
			isa = PBXGroup;
			children = (
				73B13C941C40830400BF6B75 /* Juego de Memoria definitivo.playground */,
			);
			sourceTree = "<group>";
		};
/* End PBXGroup section */

/* Begin PBXProject section */
		73B13C8D1C40808200BF6B75 /* Project object */ = {
			isa = PBXProject;
			attributes = {
				LastUpgradeCheck = 0720;
			};
			buildConfigurationList = 73B13C901C40808200BF6B75 /* Build configuration list for PBXProject "juego de memoria" */;
			compatibilityVersion = "Xcode 3.2";
			developmentRegion = English;
			hasScannedForEncodings = 0;
			knownRegions = (
				en,
			);
			mainGroup = 73B13C8C1C40808200BF6B75;
			projectDirPath = "";
			projectRoot = "";
			targets = (
			);
		};
/* End PBXProject section */

/* Begin XCBuildConfiguration section */
		73B13C911C40808200BF6B75 /* Debug */ = {
			isa = XCBuildConfiguration;
			buildSettings = {
			};
			name = Debug;
		};
		73B13C921C40808200BF6B75 /* Release */ = {
			isa = XCBuildConfiguration;
			buildSettings = {
			};
			name = Release;
		};
/* End XCBuildConfiguration section */

/* Begin XCConfigurationList section */
		73B13C901C40808200BF6B75 /* Build configuration list for PBXProject "juego de memoria" */ = {
			isa = XCConfigurationList;
			buildConfigurations = (
				73B13C911C40808200BF6B75 /* Debug */,
				73B13C921C40808200BF6B75 /* Release */,
			);
			defaultConfigurationIsVisible = 0;
			defaultConfigurationName = Release;
		};
/* End XCConfigurationList section */
	};
	rootObject = 73B13C8D1C40808200BF6B75 /* Project object */;
}
